// !$*UTF8*$!
{
	archiveVersion = 1;
	classes = {
	};
	objectVersion = 55;
	objects = {

/* Begin PBXBuildFile section */
		FBB3760C287C9FC700FBF950 /* apple_watch_battery_monitoringApp.swift in Sources */ = {isa = PBXBuildFile; fileRef = FBB3760B287C9FC700FBF950 /* apple_watch_battery_monitoringApp.swift */; };
		FBB37610287C9FC800FBF950 /* Assets.xcassets in Resources */ = {isa = PBXBuildFile; fileRef = FBB3760F287C9FC800FBF950 /* Assets.xcassets */; };
		FBB37613287C9FC800FBF950 /* Preview Assets.xcassets in Resources */ = {isa = PBXBuildFile; fileRef = FBB37612287C9FC800FBF950 /* Preview Assets.xcassets */; };
		FBB37617287C9FC800FBF950 /* apple-watch-battery-monitoring WatchKit App.app in Embed Watch Content */ = {isa = PBXBuildFile; fileRef = FBB37616287C9FC800FBF950 /* apple-watch-battery-monitoring WatchKit App.app */; settings = {ATTRIBUTES = (RemoveHeadersOnCopy, ); }; };
		FBB3761C287C9FC900FBF950 /* Assets.xcassets in Resources */ = {isa = PBXBuildFile; fileRef = FBB3761B287C9FC900FBF950 /* Assets.xcassets */; };
		FBB37622287C9FC900FBF950 /* apple-watch-battery-monitoring WatchKit Extension.appex in Embed App Extensions */ = {isa = PBXBuildFile; fileRef = FBB37621287C9FC900FBF950 /* apple-watch-battery-monitoring WatchKit Extension.appex */; settings = {ATTRIBUTES = (RemoveHeadersOnCopy, ); }; };
		FBB37627287C9FC900FBF950 /* apple_watch_battery_monitoringApp.swift in Sources */ = {isa = PBXBuildFile; fileRef = FBB37626287C9FC900FBF950 /* apple_watch_battery_monitoringApp.swift */; };
		FBB37629287C9FC900FBF950 /* ContentView.swift in Sources */ = {isa = PBXBuildFile; fileRef = FBB37628287C9FC900FBF950 /* ContentView.swift */; };
		FBB3762B287C9FC900FBF950 /* NotificationController.swift in Sources */ = {isa = PBXBuildFile; fileRef = FBB3762A287C9FC900FBF950 /* NotificationController.swift */; };
		FBB3762D287C9FC900FBF950 /* NotificationView.swift in Sources */ = {isa = PBXBuildFile; fileRef = FBB3762C287C9FC900FBF950 /* NotificationView.swift */; };
		FBB3762F287C9FC900FBF950 /* ComplicationController.swift in Sources */ = {isa = PBXBuildFile; fileRef = FBB3762E287C9FC900FBF950 /* ComplicationController.swift */; };
		FBB37631287C9FC900FBF950 /* Assets.xcassets in Resources */ = {isa = PBXBuildFile; fileRef = FBB37630287C9FC900FBF950 /* Assets.xcassets */; };
		FBB37634287C9FC900FBF950 /* Preview Assets.xcassets in Resources */ = {isa = PBXBuildFile; fileRef = FBB37633287C9FC900FBF950 /* Preview Assets.xcassets */; };
		FBB37649287CA07400FBF950 /* DashboardView.swift in Sources */ = {isa = PBXBuildFile; fileRef = FBB37648287CA07400FBF950 /* DashboardView.swift */; };
		FBB3764B287CA09B00FBF950 /* Dashboard.swift in Sources */ = {isa = PBXBuildFile; fileRef = FBB3764A287CA09B00FBF950 /* Dashboard.swift */; };
		FBB3764D287CA14800FBF950 /* DashboardViewModel.swift in Sources */ = {isa = PBXBuildFile; fileRef = FBB3764C287CA14800FBF950 /* DashboardViewModel.swift */; };
		FBB37650287CA19300FBF950 /* IDashboardViewModel.swift in Sources */ = {isa = PBXBuildFile; fileRef = FBB3764F287CA19300FBF950 /* IDashboardViewModel.swift */; };
		FBB37652287CAA2500FBF950 /* BatteryHelper.swift in Sources */ = {isa = PBXBuildFile; fileRef = FBB37651287CAA2500FBF950 /* BatteryHelper.swift */; };
		FBB37657287CB0A500FBF950 /* watchDashboardView.swift in Sources */ = {isa = PBXBuildFile; fileRef = FBB37656287CB0A500FBF950 /* watchDashboardView.swift */; };
/* End PBXBuildFile section */

/* Begin PBXContainerItemProxy section */
		FBB37618287C9FC800FBF950 /* PBXContainerItemProxy */ = {
			isa = PBXContainerItemProxy;
			containerPortal = FBB37600287C9FC700FBF950 /* Project object */;
			proxyType = 1;
			remoteGlobalIDString = FBB37615287C9FC800FBF950;
			remoteInfo = "apple-watch-battery-monitoring WatchKit App";
		};
		FBB37623287C9FC900FBF950 /* PBXContainerItemProxy */ = {
			isa = PBXContainerItemProxy;
			containerPortal = FBB37600287C9FC700FBF950 /* Project object */;
			proxyType = 1;
			remoteGlobalIDString = FBB37620287C9FC900FBF950;
			remoteInfo = "apple-watch-battery-monitoring WatchKit Extension";
		};
/* End PBXContainerItemProxy section */

/* Begin PBXCopyFilesBuildPhase section */
		FBB3763C287C9FC900FBF950 /* Embed App Extensions */ = {
			isa = PBXCopyFilesBuildPhase;
			buildActionMask = 2147483647;
			dstPath = "";
			dstSubfolderSpec = 13;
			files = (
				FBB37622287C9FC900FBF950 /* apple-watch-battery-monitoring WatchKit Extension.appex in Embed App Extensions */,
			);
			name = "Embed App Extensions";
			runOnlyForDeploymentPostprocessing = 0;
		};
		FBB37640287C9FC900FBF950 /* Embed Watch Content */ = {
			isa = PBXCopyFilesBuildPhase;
			buildActionMask = 2147483647;
			dstPath = "$(CONTENTS_FOLDER_PATH)/Watch";
			dstSubfolderSpec = 16;
			files = (
				FBB37617287C9FC800FBF950 /* apple-watch-battery-monitoring WatchKit App.app in Embed Watch Content */,
			);
			name = "Embed Watch Content";
			runOnlyForDeploymentPostprocessing = 0;
		};
/* End PBXCopyFilesBuildPhase section */

/* Begin PBXFileReference section */
		FBB37608287C9FC700FBF950 /* apple-watch-battery-monitoring.app */ = {isa = PBXFileReference; explicitFileType = wrapper.application; includeInIndex = 0; path = "apple-watch-battery-monitoring.app"; sourceTree = BUILT_PRODUCTS_DIR; };
		FBB3760B287C9FC700FBF950 /* apple_watch_battery_monitoringApp.swift */ = {isa = PBXFileReference; lastKnownFileType = sourcecode.swift; path = apple_watch_battery_monitoringApp.swift; sourceTree = "<group>"; };
		FBB3760F287C9FC800FBF950 /* Assets.xcassets */ = {isa = PBXFileReference; lastKnownFileType = folder.assetcatalog; path = Assets.xcassets; sourceTree = "<group>"; };
		FBB37612287C9FC800FBF950 /* Preview Assets.xcassets */ = {isa = PBXFileReference; lastKnownFileType = folder.assetcatalog; path = "Preview Assets.xcassets"; sourceTree = "<group>"; };
		FBB37616287C9FC800FBF950 /* apple-watch-battery-monitoring WatchKit App.app */ = {isa = PBXFileReference; explicitFileType = wrapper.application; includeInIndex = 0; path = "apple-watch-battery-monitoring WatchKit App.app"; sourceTree = BUILT_PRODUCTS_DIR; };
		FBB3761B287C9FC900FBF950 /* Assets.xcassets */ = {isa = PBXFileReference; lastKnownFileType = folder.assetcatalog; path = Assets.xcassets; sourceTree = "<group>"; };
		FBB37621287C9FC900FBF950 /* apple-watch-battery-monitoring WatchKit Extension.appex */ = {isa = PBXFileReference; explicitFileType = "wrapper.app-extension"; includeInIndex = 0; path = "apple-watch-battery-monitoring WatchKit Extension.appex"; sourceTree = BUILT_PRODUCTS_DIR; };
		FBB37626287C9FC900FBF950 /* apple_watch_battery_monitoringApp.swift */ = {isa = PBXFileReference; lastKnownFileType = sourcecode.swift; path = apple_watch_battery_monitoringApp.swift; sourceTree = "<group>"; };
		FBB37628287C9FC900FBF950 /* ContentView.swift */ = {isa = PBXFileReference; lastKnownFileType = sourcecode.swift; path = ContentView.swift; sourceTree = "<group>"; };
		FBB3762A287C9FC900FBF950 /* NotificationController.swift */ = {isa = PBXFileReference; lastKnownFileType = sourcecode.swift; path = NotificationController.swift; sourceTree = "<group>"; };
		FBB3762C287C9FC900FBF950 /* NotificationView.swift */ = {isa = PBXFileReference; lastKnownFileType = sourcecode.swift; path = NotificationView.swift; sourceTree = "<group>"; };
		FBB3762E287C9FC900FBF950 /* ComplicationController.swift */ = {isa = PBXFileReference; lastKnownFileType = sourcecode.swift; path = ComplicationController.swift; sourceTree = "<group>"; };
		FBB37630287C9FC900FBF950 /* Assets.xcassets */ = {isa = PBXFileReference; lastKnownFileType = folder.assetcatalog; path = Assets.xcassets; sourceTree = "<group>"; };
		FBB37633287C9FC900FBF950 /* Preview Assets.xcassets */ = {isa = PBXFileReference; lastKnownFileType = folder.assetcatalog; path = "Preview Assets.xcassets"; sourceTree = "<group>"; };
		FBB37635287C9FC900FBF950 /* Info.plist */ = {isa = PBXFileReference; lastKnownFileType = text.plist.xml; path = Info.plist; sourceTree = "<group>"; };
		FBB37636287C9FC900FBF950 /* PushNotificationPayload.apns */ = {isa = PBXFileReference; lastKnownFileType = text; path = PushNotificationPayload.apns; sourceTree = "<group>"; };
		FBB37648287CA07400FBF950 /* DashboardView.swift */ = {isa = PBXFileReference; lastKnownFileType = sourcecode.swift; path = DashboardView.swift; sourceTree = "<group>"; };
		FBB3764A287CA09B00FBF950 /* Dashboard.swift */ = {isa = PBXFileReference; lastKnownFileType = sourcecode.swift; path = Dashboard.swift; sourceTree = "<group>"; };
		FBB3764C287CA14800FBF950 /* DashboardViewModel.swift */ = {isa = PBXFileReference; lastKnownFileType = sourcecode.swift; path = DashboardViewModel.swift; sourceTree = "<group>"; };
		FBB3764F287CA19300FBF950 /* IDashboardViewModel.swift */ = {isa = PBXFileReference; lastKnownFileType = sourcecode.swift; path = IDashboardViewModel.swift; sourceTree = "<group>"; };
		FBB37651287CAA2500FBF950 /* BatteryHelper.swift */ = {isa = PBXFileReference; lastKnownFileType = sourcecode.swift; path = BatteryHelper.swift; sourceTree = "<group>"; };
		FBB37656287CB0A500FBF950 /* watchDashboardView.swift */ = {isa = PBXFileReference; lastKnownFileType = sourcecode.swift; path = watchDashboardView.swift; sourceTree = "<group>"; };
/* End PBXFileReference section */

/* Begin PBXFrameworksBuildPhase section */
		FBB37605287C9FC700FBF950 /* Frameworks */ = {
			isa = PBXFrameworksBuildPhase;
			buildActionMask = 2147483647;
			files = (
			);
			runOnlyForDeploymentPostprocessing = 0;
		};
		FBB3761E287C9FC900FBF950 /* Frameworks */ = {
			isa = PBXFrameworksBuildPhase;
			buildActionMask = 2147483647;
			files = (
			);
			runOnlyForDeploymentPostprocessing = 0;
		};
/* End PBXFrameworksBuildPhase section */

/* Begin PBXGroup section */
		FBB375FF287C9FC700FBF950 = {
			isa = PBXGroup;
			children = (
				FBB3760A287C9FC700FBF950 /* apple-watch-battery-monitoring */,
				FBB3761A287C9FC800FBF950 /* apple-watch-battery-monitoring WatchKit App */,
				FBB37625287C9FC900FBF950 /* apple-watch-battery-monitoring WatchKit Extension */,
				FBB37609287C9FC700FBF950 /* Products */,
			);
			sourceTree = "<group>";
		};
		FBB37609287C9FC700FBF950 /* Products */ = {
			isa = PBXGroup;
			children = (
				FBB37608287C9FC700FBF950 /* apple-watch-battery-monitoring.app */,
				FBB37616287C9FC800FBF950 /* apple-watch-battery-monitoring WatchKit App.app */,
				FBB37621287C9FC900FBF950 /* apple-watch-battery-monitoring WatchKit Extension.appex */,
			);
			name = Products;
			sourceTree = "<group>";
		};
		FBB3760A287C9FC700FBF950 /* apple-watch-battery-monitoring */ = {
			isa = PBXGroup;
			children = (
				FBB3764E287CA18300FBF950 /* Interfaces */,
				FBB37647287CA06600FBF950 /* ViewModel */,
				FBB37646287CA05F00FBF950 /* Helpers */,
				FBB37645287CA05800FBF950 /* View */,
				FBB37644287CA05100FBF950 /* Model */,
				FBB3760B287C9FC700FBF950 /* apple_watch_battery_monitoringApp.swift */,
				FBB3760F287C9FC800FBF950 /* Assets.xcassets */,
				FBB37611287C9FC800FBF950 /* Preview Content */,
			);
			path = "apple-watch-battery-monitoring";
			sourceTree = "<group>";
		};
		FBB37611287C9FC800FBF950 /* Preview Content */ = {
			isa = PBXGroup;
			children = (
				FBB37612287C9FC800FBF950 /* Preview Assets.xcassets */,
			);
			path = "Preview Content";
			sourceTree = "<group>";
		};
		FBB3761A287C9FC800FBF950 /* apple-watch-battery-monitoring WatchKit App */ = {
			isa = PBXGroup;
			children = (
				FBB37653287CB07A00FBF950 /* View */,
				FBB3761B287C9FC900FBF950 /* Assets.xcassets */,
			);
			path = "apple-watch-battery-monitoring WatchKit App";
			sourceTree = "<group>";
		};
		FBB37625287C9FC900FBF950 /* apple-watch-battery-monitoring WatchKit Extension */ = {
			isa = PBXGroup;
			children = (
				FBB37626287C9FC900FBF950 /* apple_watch_battery_monitoringApp.swift */,
				FBB37628287C9FC900FBF950 /* ContentView.swift */,
				FBB3762A287C9FC900FBF950 /* NotificationController.swift */,
				FBB3762C287C9FC900FBF950 /* NotificationView.swift */,
				FBB3762E287C9FC900FBF950 /* ComplicationController.swift */,
				FBB37630287C9FC900FBF950 /* Assets.xcassets */,
				FBB37635287C9FC900FBF950 /* Info.plist */,
				FBB37636287C9FC900FBF950 /* PushNotificationPayload.apns */,
				FBB37632287C9FC900FBF950 /* Preview Content */,
			);
			path = "apple-watch-battery-monitoring WatchKit Extension";
			sourceTree = "<group>";
		};
		FBB37632287C9FC900FBF950 /* Preview Content */ = {
			isa = PBXGroup;
			children = (
				FBB37633287C9FC900FBF950 /* Preview Assets.xcassets */,
			);
			path = "Preview Content";
			sourceTree = "<group>";
		};
		FBB37644287CA05100FBF950 /* Model */ = {
			isa = PBXGroup;
			children = (
				FBB3764A287CA09B00FBF950 /* Dashboard.swift */,
			);
			path = Model;
			sourceTree = "<group>";
		};
		FBB37645287CA05800FBF950 /* View */ = {
			isa = PBXGroup;
			children = (
				FBB37648287CA07400FBF950 /* DashboardView.swift */,
			);
			path = View;
			sourceTree = "<group>";
		};
		FBB37646287CA05F00FBF950 /* Helpers */ = {
			isa = PBXGroup;
			children = (
				FBB37651287CAA2500FBF950 /* BatteryHelper.swift */,
			);
			path = Helpers;
			sourceTree = "<group>";
		};
		FBB37647287CA06600FBF950 /* ViewModel */ = {
			isa = PBXGroup;
			children = (
				FBB3764C287CA14800FBF950 /* DashboardViewModel.swift */,
			);
			path = ViewModel;
			sourceTree = "<group>";
		};
		FBB3764E287CA18300FBF950 /* Interfaces */ = {
			isa = PBXGroup;
			children = (
				FBB3764F287CA19300FBF950 /* IDashboardViewModel.swift */,
			);
			path = Interfaces;
			sourceTree = "<group>";
		};
		FBB37653287CB07A00FBF950 /* View */ = {
			isa = PBXGroup;
			children = (
				FBB37656287CB0A500FBF950 /* watchDashboardView.swift */,
			);
			path = View;
			sourceTree = "<group>";
		};
/* End PBXGroup section */

/* Begin PBXNativeTarget section */
		FBB37607287C9FC700FBF950 /* apple-watch-battery-monitoring */ = {
			isa = PBXNativeTarget;
			buildConfigurationList = FBB37641287C9FC900FBF950 /* Build configuration list for PBXNativeTarget "apple-watch-battery-monitoring" */;
			buildPhases = (
				FBB37604287C9FC700FBF950 /* Sources */,
				FBB37605287C9FC700FBF950 /* Frameworks */,
				FBB37606287C9FC700FBF950 /* Resources */,
				FBB37640287C9FC900FBF950 /* Embed Watch Content */,
			);
			buildRules = (
			);
			dependencies = (
				FBB37619287C9FC800FBF950 /* PBXTargetDependency */,
			);
			name = "apple-watch-battery-monitoring";
			productName = "apple-watch-battery-monitoring";
			productReference = FBB37608287C9FC700FBF950 /* apple-watch-battery-monitoring.app */;
			productType = "com.apple.product-type.application";
		};
		FBB37615287C9FC800FBF950 /* apple-watch-battery-monitoring WatchKit App */ = {
			isa = PBXNativeTarget;
			buildConfigurationList = FBB3763D287C9FC900FBF950 /* Build configuration list for PBXNativeTarget "apple-watch-battery-monitoring WatchKit App" */;
			buildPhases = (
				FBB37614287C9FC800FBF950 /* Resources */,
				FBB3763C287C9FC900FBF950 /* Embed App Extensions */,
			);
			buildRules = (
			);
			dependencies = (
				FBB37624287C9FC900FBF950 /* PBXTargetDependency */,
			);
			name = "apple-watch-battery-monitoring WatchKit App";
			productName = "apple-watch-battery-monitoring WatchKit App";
			productReference = FBB37616287C9FC800FBF950 /* apple-watch-battery-monitoring WatchKit App.app */;
			productType = "com.apple.product-type.application.watchapp2";
		};
		FBB37620287C9FC900FBF950 /* apple-watch-battery-monitoring WatchKit Extension */ = {
			isa = PBXNativeTarget;
			buildConfigurationList = FBB37639287C9FC900FBF950 /* Build configuration list for PBXNativeTarget "apple-watch-battery-monitoring WatchKit Extension" */;
			buildPhases = (
				FBB3761D287C9FC900FBF950 /* Sources */,
				FBB3761E287C9FC900FBF950 /* Frameworks */,
				FBB3761F287C9FC900FBF950 /* Resources */,
			);
			buildRules = (
			);
			dependencies = (
			);
			name = "apple-watch-battery-monitoring WatchKit Extension";
			productName = "apple-watch-battery-monitoring WatchKit Extension";
			productReference = FBB37621287C9FC900FBF950 /* apple-watch-battery-monitoring WatchKit Extension.appex */;
			productType = "com.apple.product-type.watchkit2-extension";
		};
/* End PBXNativeTarget section */

/* Begin PBXProject section */
		FBB37600287C9FC700FBF950 /* Project object */ = {
			isa = PBXProject;
			attributes = {
				BuildIndependentTargetsInParallel = 1;
				LastSwiftUpdateCheck = 1330;
				LastUpgradeCheck = 1330;
				TargetAttributes = {
					FBB37607287C9FC700FBF950 = {
						CreatedOnToolsVersion = 13.3.1;
					};
					FBB37615287C9FC800FBF950 = {
						CreatedOnToolsVersion = 13.3.1;
					};
					FBB37620287C9FC900FBF950 = {
						CreatedOnToolsVersion = 13.3.1;
					};
				};
			};
			buildConfigurationList = FBB37603287C9FC700FBF950 /* Build configuration list for PBXProject "apple-watch-battery-monitoring" */;
			compatibilityVersion = "Xcode 13.0";
			developmentRegion = en;
			hasScannedForEncodings = 0;
			knownRegions = (
				en,
				Base,
			);
			mainGroup = FBB375FF287C9FC700FBF950;
			productRefGroup = FBB37609287C9FC700FBF950 /* Products */;
			projectDirPath = "";
			projectRoot = "";
			targets = (
				FBB37607287C9FC700FBF950 /* apple-watch-battery-monitoring */,
				FBB37615287C9FC800FBF950 /* apple-watch-battery-monitoring WatchKit App */,
				FBB37620287C9FC900FBF950 /* apple-watch-battery-monitoring WatchKit Extension */,
			);
		};
/* End PBXProject section */

/* Begin PBXResourcesBuildPhase section */
		FBB37606287C9FC700FBF950 /* Resources */ = {
			isa = PBXResourcesBuildPhase;
			buildActionMask = 2147483647;
			files = (
				FBB37613287C9FC800FBF950 /* Preview Assets.xcassets in Resources */,
				FBB37610287C9FC800FBF950 /* Assets.xcassets in Resources */,
			);
			runOnlyForDeploymentPostprocessing = 0;
		};
		FBB37614287C9FC800FBF950 /* Resources */ = {
			isa = PBXResourcesBuildPhase;
			buildActionMask = 2147483647;
			files = (
				FBB3761C287C9FC900FBF950 /* Assets.xcassets in Resources */,
			);
			runOnlyForDeploymentPostprocessing = 0;
		};
		FBB3761F287C9FC900FBF950 /* Resources */ = {
			isa = PBXResourcesBuildPhase;
			buildActionMask = 2147483647;
			files = (
				FBB37634287C9FC900FBF950 /* Preview Assets.xcassets in Resources */,
				FBB37631287C9FC900FBF950 /* Assets.xcassets in Resources */,
			);
			runOnlyForDeploymentPostprocessing = 0;
		};
/* End PBXResourcesBuildPhase section */

/* Begin PBXSourcesBuildPhase section */
		FBB37604287C9FC700FBF950 /* Sources */ = {
			isa = PBXSourcesBuildPhase;
			buildActionMask = 2147483647;
			files = (
				FBB37650287CA19300FBF950 /* IDashboardViewModel.swift in Sources */,
				FBB37652287CAA2500FBF950 /* BatteryHelper.swift in Sources */,
				FBB37657287CB0A500FBF950 /* watchDashboardView.swift in Sources */,
				FBB3760C287C9FC700FBF950 /* apple_watch_battery_monitoringApp.swift in Sources */,
				FBB3764B287CA09B00FBF950 /* Dashboard.swift in Sources */,
				FBB37649287CA07400FBF950 /* DashboardView.swift in Sources */,
				FBB3764D287CA14800FBF950 /* DashboardViewModel.swift in Sources */,
			);
			runOnlyForDeploymentPostprocessing = 0;
		};
		FBB3761D287C9FC900FBF950 /* Sources */ = {
			isa = PBXSourcesBuildPhase;
			buildActionMask = 2147483647;
			files = (
				FBB3762B287C9FC900FBF950 /* NotificationController.swift in Sources */,
				FBB37629287C9FC900FBF950 /* ContentView.swift in Sources */,
				FBB3762F287C9FC900FBF950 /* ComplicationController.swift in Sources */,
				FBB37627287C9FC900FBF950 /* apple_watch_battery_monitoringApp.swift in Sources */,
				FBB3762D287C9FC900FBF950 /* NotificationView.swift in Sources */,
			);
			runOnlyForDeploymentPostprocessing = 0;
		};
/* End PBXSourcesBuildPhase section */

/* Begin PBXTargetDependency section */
		FBB37619287C9FC800FBF950 /* PBXTargetDependency */ = {
			isa = PBXTargetDependency;
			target = FBB37615287C9FC800FBF950 /* apple-watch-battery-monitoring WatchKit App */;
			targetProxy = FBB37618287C9FC800FBF950 /* PBXContainerItemProxy */;
		};
		FBB37624287C9FC900FBF950 /* PBXTargetDependency */ = {
			isa = PBXTargetDependency;
			target = FBB37620287C9FC900FBF950 /* apple-watch-battery-monitoring WatchKit Extension */;
			targetProxy = FBB37623287C9FC900FBF950 /* PBXContainerItemProxy */;
		};
/* End PBXTargetDependency section */

/* Begin XCBuildConfiguration section */
		FBB37637287C9FC900FBF950 /* Debug */ = {
			isa = XCBuildConfiguration;
			buildSettings = {
				ALWAYS_SEARCH_USER_PATHS = NO;
				CLANG_ANALYZER_NONNULL = YES;
				CLANG_ANALYZER_NUMBER_OBJECT_CONVERSION = YES_AGGRESSIVE;
				CLANG_CXX_LANGUAGE_STANDARD = "gnu++17";
				CLANG_ENABLE_MODULES = YES;
				CLANG_ENABLE_OBJC_ARC = YES;
				CLANG_ENABLE_OBJC_WEAK = YES;
				CLANG_WARN_BLOCK_CAPTURE_AUTORELEASING = YES;
				CLANG_WARN_BOOL_CONVERSION = YES;
				CLANG_WARN_COMMA = YES;
				CLANG_WARN_CONSTANT_CONVERSION = YES;
				CLANG_WARN_DEPRECATED_OBJC_IMPLEMENTATIONS = YES;
				CLANG_WARN_DIRECT_OBJC_ISA_USAGE = YES_ERROR;
				CLANG_WARN_DOCUMENTATION_COMMENTS = YES;
				CLANG_WARN_EMPTY_BODY = YES;
				CLANG_WARN_ENUM_CONVERSION = YES;
				CLANG_WARN_INFINITE_RECURSION = YES;
				CLANG_WARN_INT_CONVERSION = YES;
				CLANG_WARN_NON_LITERAL_NULL_CONVERSION = YES;
				CLANG_WARN_OBJC_IMPLICIT_RETAIN_SELF = YES;
				CLANG_WARN_OBJC_LITERAL_CONVERSION = YES;
				CLANG_WARN_OBJC_ROOT_CLASS = YES_ERROR;
				CLANG_WARN_QUOTED_INCLUDE_IN_FRAMEWORK_HEADER = YES;
				CLANG_WARN_RANGE_LOOP_ANALYSIS = YES;
				CLANG_WARN_STRICT_PROTOTYPES = YES;
				CLANG_WARN_SUSPICIOUS_MOVE = YES;
				CLANG_WARN_UNGUARDED_AVAILABILITY = YES_AGGRESSIVE;
				CLANG_WARN_UNREACHABLE_CODE = YES;
				CLANG_WARN__DUPLICATE_METHOD_MATCH = YES;
				COPY_PHASE_STRIP = NO;
				DEBUG_INFORMATION_FORMAT = dwarf;
				ENABLE_STRICT_OBJC_MSGSEND = YES;
				ENABLE_TESTABILITY = YES;
				GCC_C_LANGUAGE_STANDARD = gnu11;
				GCC_DYNAMIC_NO_PIC = NO;
				GCC_NO_COMMON_BLOCKS = YES;
				GCC_OPTIMIZATION_LEVEL = 0;
				GCC_PREPROCESSOR_DEFINITIONS = (
					"DEBUG=1",
					"$(inherited)",
				);
				GCC_WARN_64_TO_32_BIT_CONVERSION = YES;
				GCC_WARN_ABOUT_RETURN_TYPE = YES_ERROR;
				GCC_WARN_UNDECLARED_SELECTOR = YES;
				GCC_WARN_UNINITIALIZED_AUTOS = YES_AGGRESSIVE;
				GCC_WARN_UNUSED_FUNCTION = YES;
				GCC_WARN_UNUSED_VARIABLE = YES;
				MTL_ENABLE_DEBUG_INFO = INCLUDE_SOURCE;
				MTL_FAST_MATH = YES;
				ONLY_ACTIVE_ARCH = YES;
				SWIFT_ACTIVE_COMPILATION_CONDITIONS = DEBUG;
				SWIFT_OPTIMIZATION_LEVEL = "-Onone";
			};
			name = Debug;
		};
		FBB37638287C9FC900FBF950 /* Release */ = {
			isa = XCBuildConfiguration;
			buildSettings = {
				ALWAYS_SEARCH_USER_PATHS = NO;
				CLANG_ANALYZER_NONNULL = YES;
				CLANG_ANALYZER_NUMBER_OBJECT_CONVERSION = YES_AGGRESSIVE;
				CLANG_CXX_LANGUAGE_STANDARD = "gnu++17";
				CLANG_ENABLE_MODULES = YES;
				CLANG_ENABLE_OBJC_ARC = YES;
				CLANG_ENABLE_OBJC_WEAK = YES;
				CLANG_WARN_BLOCK_CAPTURE_AUTORELEASING = YES;
				CLANG_WARN_BOOL_CONVERSION = YES;
				CLANG_WARN_COMMA = YES;
				CLANG_WARN_CONSTANT_CONVERSION = YES;
				CLANG_WARN_DEPRECATED_OBJC_IMPLEMENTATIONS = YES;
				CLANG_WARN_DIRECT_OBJC_ISA_USAGE = YES_ERROR;
				CLANG_WARN_DOCUMENTATION_COMMENTS = YES;
				CLANG_WARN_EMPTY_BODY = YES;
				CLANG_WARN_ENUM_CONVERSION = YES;
				CLANG_WARN_INFINITE_RECURSION = YES;
				CLANG_WARN_INT_CONVERSION = YES;
				CLANG_WARN_NON_LITERAL_NULL_CONVERSION = YES;
				CLANG_WARN_OBJC_IMPLICIT_RETAIN_SELF = YES;
				CLANG_WARN_OBJC_LITERAL_CONVERSION = YES;
				CLANG_WARN_OBJC_ROOT_CLASS = YES_ERROR;
				CLANG_WARN_QUOTED_INCLUDE_IN_FRAMEWORK_HEADER = YES;
				CLANG_WARN_RANGE_LOOP_ANALYSIS = YES;
				CLANG_WARN_STRICT_PROTOTYPES = YES;
				CLANG_WARN_SUSPICIOUS_MOVE = YES;
				CLANG_WARN_UNGUARDED_AVAILABILITY = YES_AGGRESSIVE;
				CLANG_WARN_UNREACHABLE_CODE = YES;
				CLANG_WARN__DUPLICATE_METHOD_MATCH = YES;
				COPY_PHASE_STRIP = NO;
				DEBUG_INFORMATION_FORMAT = "dwarf-with-dsym";
				ENABLE_NS_ASSERTIONS = NO;
				ENABLE_STRICT_OBJC_MSGSEND = YES;
				GCC_C_LANGUAGE_STANDARD = gnu11;
				GCC_NO_COMMON_BLOCKS = YES;
				GCC_WARN_64_TO_32_BIT_CONVERSION = YES;
				GCC_WARN_ABOUT_RETURN_TYPE = YES_ERROR;
				GCC_WARN_UNDECLARED_SELECTOR = YES;
				GCC_WARN_UNINITIALIZED_AUTOS = YES_AGGRESSIVE;
				GCC_WARN_UNUSED_FUNCTION = YES;
				GCC_WARN_UNUSED_VARIABLE = YES;
				MTL_ENABLE_DEBUG_INFO = NO;
				MTL_FAST_MATH = YES;
				SWIFT_COMPILATION_MODE = wholemodule;
				SWIFT_OPTIMIZATION_LEVEL = "-O";
			};
			name = Release;
		};
		FBB3763A287C9FC900FBF950 /* Debug */ = {
			isa = XCBuildConfiguration;
			buildSettings = {
				ASSETCATALOG_COMPILER_COMPLICATION_NAME = Complication;
				CODE_SIGN_STYLE = Automatic;
				CURRENT_PROJECT_VERSION = 1;
				DEVELOPMENT_ASSET_PATHS = "\"apple-watch-battery-monitoring WatchKit Extension/Preview Content\"";
				ENABLE_PREVIEWS = YES;
				GENERATE_INFOPLIST_FILE = YES;
				INFOPLIST_FILE = "apple-watch-battery-monitoring WatchKit Extension/Info.plist";
				INFOPLIST_KEY_CFBundleDisplayName = "apple-watch-battery-monitoring WatchKit Extension";
				INFOPLIST_KEY_CLKComplicationPrincipalClass = "$(PRODUCT_MODULE_NAME).ComplicationController";
				INFOPLIST_KEY_NSHumanReadableCopyright = "";
				INFOPLIST_KEY_WKRunsIndependentlyOfCompanionApp = YES;
				LD_RUNPATH_SEARCH_PATHS = (
					"$(inherited)",
					"@executable_path/Frameworks",
					"@executable_path/../../Frameworks",
				);
				MARKETING_VERSION = 1.0;
				PRODUCT_BUNDLE_IDENTIFIER = "com.vdberg.daryl.apple-watch-battery-monitoring.watchkitapp.watchkitextension";
				PRODUCT_NAME = "${TARGET_NAME}";
				SDKROOT = watchos;
				SKIP_INSTALL = YES;
				SWIFT_EMIT_LOC_STRINGS = YES;
				SWIFT_VERSION = 5.0;
				TARGETED_DEVICE_FAMILY = 4;
				WATCHOS_DEPLOYMENT_TARGET = 8.5;
			};
			name = Debug;
		};
		FBB3763B287C9FC900FBF950 /* Release */ = {
			isa = XCBuildConfiguration;
			buildSettings = {
				ASSETCATALOG_COMPILER_COMPLICATION_NAME = Complication;
				CODE_SIGN_STYLE = Automatic;
				CURRENT_PROJECT_VERSION = 1;
				DEVELOPMENT_ASSET_PATHS = "\"apple-watch-battery-monitoring WatchKit Extension/Preview Content\"";
				ENABLE_PREVIEWS = YES;
				GENERATE_INFOPLIST_FILE = YES;
				INFOPLIST_FILE = "apple-watch-battery-monitoring WatchKit Extension/Info.plist";
				INFOPLIST_KEY_CFBundleDisplayName = "apple-watch-battery-monitoring WatchKit Extension";
				INFOPLIST_KEY_CLKComplicationPrincipalClass = "$(PRODUCT_MODULE_NAME).ComplicationController";
				INFOPLIST_KEY_NSHumanReadableCopyright = "";
				INFOPLIST_KEY_WKRunsIndependentlyOfCompanionApp = YES;
				LD_RUNPATH_SEARCH_PATHS = (
					"$(inherited)",
					"@executable_path/Frameworks",
					"@executable_path/../../Frameworks",
				);
				MARKETING_VERSION = 1.0;
				PRODUCT_BUNDLE_IDENTIFIER = "com.vdberg.daryl.apple-watch-battery-monitoring.watchkitapp.watchkitextension";
				PRODUCT_NAME = "${TARGET_NAME}";
				SDKROOT = watchos;
				SKIP_INSTALL = YES;
				SWIFT_EMIT_LOC_STRINGS = YES;
				SWIFT_VERSION = 5.0;
				TARGETED_DEVICE_FAMILY = 4;
				VALIDATE_PRODUCT = YES;
				WATCHOS_DEPLOYMENT_TARGET = 8.5;
			};
			name = Release;
		};
		FBB3763E287C9FC900FBF950 /* Debug */ = {
			isa = XCBuildConfiguration;
			buildSettings = {
				ALWAYS_EMBED_SWIFT_STANDARD_LIBRARIES = YES;
				ASSETCATALOG_COMPILER_APPICON_NAME = AppIcon;
				ASSETCATALOG_COMPILER_GLOBAL_ACCENT_COLOR_NAME = AccentColor;
				CODE_SIGN_STYLE = Automatic;
				CURRENT_PROJECT_VERSION = 1;
				GENERATE_INFOPLIST_FILE = YES;
				IBSC_MODULE = apple_watch_battery_monitoring_WatchKit_Extension;
				INFOPLIST_KEY_CFBundleDisplayName = "apple-watch-battery-monitoring WatchKit App";
				INFOPLIST_KEY_UISupportedInterfaceOrientations = "UIInterfaceOrientationPortrait UIInterfaceOrientationPortraitUpsideDown";
				INFOPLIST_KEY_WKCompanionAppBundleIdentifier = "com.vdberg.daryl.apple-watch-battery-monitoring";
				MARKETING_VERSION = 1.0;
				PRODUCT_BUNDLE_IDENTIFIER = "com.vdberg.daryl.apple-watch-battery-monitoring.watchkitapp";
				PRODUCT_NAME = "$(TARGET_NAME)";
				SDKROOT = watchos;
				SKIP_INSTALL = YES;
				SWIFT_EMIT_LOC_STRINGS = YES;
				SWIFT_VERSION = 5.0;
				TARGETED_DEVICE_FAMILY = 4;
				WATCHOS_DEPLOYMENT_TARGET = 8.5;
			};
			name = Debug;
		};
		FBB3763F287C9FC900FBF950 /* Release */ = {
			isa = XCBuildConfiguration;
			buildSettings = {
				ALWAYS_EMBED_SWIFT_STANDARD_LIBRARIES = YES;
				ASSETCATALOG_COMPILER_APPICON_NAME = AppIcon;
				ASSETCATALOG_COMPILER_GLOBAL_ACCENT_COLOR_NAME = AccentColor;
				CODE_SIGN_STYLE = Automatic;
				CURRENT_PROJECT_VERSION = 1;
				GENERATE_INFOPLIST_FILE = YES;
				IBSC_MODULE = apple_watch_battery_monitoring_WatchKit_Extension;
				INFOPLIST_KEY_CFBundleDisplayName = "apple-watch-battery-monitoring WatchKit App";
				INFOPLIST_KEY_UISupportedInterfaceOrientations = "UIInterfaceOrientationPortrait UIInterfaceOrientationPortraitUpsideDown";
				INFOPLIST_KEY_WKCompanionAppBundleIdentifier = "com.vdberg.daryl.apple-watch-battery-monitoring";
				MARKETING_VERSION = 1.0;
				PRODUCT_BUNDLE_IDENTIFIER = "com.vdberg.daryl.apple-watch-battery-monitoring.watchkitapp";
				PRODUCT_NAME = "$(TARGET_NAME)";
				SDKROOT = watchos;
				SKIP_INSTALL = YES;
				SWIFT_EMIT_LOC_STRINGS = YES;
				SWIFT_VERSION = 5.0;
				TARGETED_DEVICE_FAMILY = 4;
				VALIDATE_PRODUCT = YES;
				WATCHOS_DEPLOYMENT_TARGET = 8.5;
			};
			name = Release;
		};
		FBB37642287C9FC900FBF950 /* Debug */ = {
			isa = XCBuildConfiguration;
			buildSettings = {
				ASSETCATALOG_COMPILER_APPICON_NAME = AppIcon;
				ASSETCATALOG_COMPILER_GLOBAL_ACCENT_COLOR_NAME = AccentColor;
				CODE_SIGN_STYLE = Automatic;
				CURRENT_PROJECT_VERSION = 1;
				DEVELOPMENT_ASSET_PATHS = "\"apple-watch-battery-monitoring/Preview Content\"";
				ENABLE_PREVIEWS = YES;
				GENERATE_INFOPLIST_FILE = YES;
				INFOPLIST_KEY_UIApplicationSceneManifest_Generation = YES;
				INFOPLIST_KEY_UIApplicationSupportsIndirectInputEvents = YES;
				INFOPLIST_KEY_UILaunchScreen_Generation = YES;
				INFOPLIST_KEY_UISupportedInterfaceOrientations_iPad = "UIInterfaceOrientationPortrait UIInterfaceOrientationPortraitUpsideDown UIInterfaceOrientationLandscapeLeft UIInterfaceOrientationLandscapeRight";
				INFOPLIST_KEY_UISupportedInterfaceOrientations_iPhone = "UIInterfaceOrientationPortrait UIInterfaceOrientationLandscapeLeft UIInterfaceOrientationLandscapeRight";
				IPHONEOS_DEPLOYMENT_TARGET = 15.4;
				LD_RUNPATH_SEARCH_PATHS = (
					"$(inherited)",
					"@executable_path/Frameworks",
				);
				MARKETING_VERSION = 1.0;
				PRODUCT_BUNDLE_IDENTIFIER = "com.vdberg.daryl.apple-watch-battery-monitoring";
				PRODUCT_NAME = "$(TARGET_NAME)";
				SDKROOT = iphoneos;
				SWIFT_EMIT_LOC_STRINGS = YES;
				SWIFT_VERSION = 5.0;
				TARGETED_DEVICE_FAMILY = "1,2";
			};
			name = Debug;
		};
		FBB37643287C9FC900FBF950 /* Release */ = {
			isa = XCBuildConfiguration;
			buildSettings = {
				ASSETCATALOG_COMPILER_APPICON_NAME = AppIcon;
				ASSETCATALOG_COMPILER_GLOBAL_ACCENT_COLOR_NAME = AccentColor;
				CODE_SIGN_STYLE = Automatic;
				CURRENT_PROJECT_VERSION = 1;
				DEVELOPMENT_ASSET_PATHS = "\"apple-watch-battery-monitoring/Preview Content\"";
				ENABLE_PREVIEWS = YES;
				GENERATE_INFOPLIST_FILE = YES;
				INFOPLIST_KEY_UIApplicationSceneManifest_Generation = YES;
				INFOPLIST_KEY_UIApplicationSupportsIndirectInputEvents = YES;
				INFOPLIST_KEY_UILaunchScreen_Generation = YES;
				INFOPLIST_KEY_UISupportedInterfaceOrientations_iPad = "UIInterfaceOrientationPortrait UIInterfaceOrientationPortraitUpsideDown UIInterfaceOrientationLandscapeLeft UIInterfaceOrientationLandscapeRight";
				INFOPLIST_KEY_UISupportedInterfaceOrientations_iPhone = "UIInterfaceOrientationPortrait UIInterfaceOrientationLandscapeLeft UIInterfaceOrientationLandscapeRight";
				IPHONEOS_DEPLOYMENT_TARGET = 15.4;
				LD_RUNPATH_SEARCH_PATHS = (
					"$(inherited)",
					"@executable_path/Frameworks",
				);
				MARKETING_VERSION = 1.0;
				PRODUCT_BUNDLE_IDENTIFIER = "com.vdberg.daryl.apple-watch-battery-monitoring";
				PRODUCT_NAME = "$(TARGET_NAME)";
				SDKROOT = iphoneos;
				SWIFT_EMIT_LOC_STRINGS = YES;
				SWIFT_VERSION = 5.0;
				TARGETED_DEVICE_FAMILY = "1,2";
				VALIDATE_PRODUCT = YES;
			};
			name = Release;
		};
/* End XCBuildConfiguration section */

/* Begin XCConfigurationList section */
		FBB37603287C9FC700FBF950 /* Build configuration list for PBXProject "apple-watch-battery-monitoring" */ = {
			isa = XCConfigurationList;
			buildConfigurations = (
				FBB37637287C9FC900FBF950 /* Debug */,
				FBB37638287C9FC900FBF950 /* Release */,
			);
			defaultConfigurationIsVisible = 0;
			defaultConfigurationName = Release;
		};
		FBB37639287C9FC900FBF950 /* Build configuration list for PBXNativeTarget "apple-watch-battery-monitoring WatchKit Extension" */ = {
			isa = XCConfigurationList;
			buildConfigurations = (
				FBB3763A287C9FC900FBF950 /* Debug */,
				FBB3763B287C9FC900FBF950 /* Release */,
			);
			defaultConfigurationIsVisible = 0;
			defaultConfigurationName = Release;
		};
		FBB3763D287C9FC900FBF950 /* Build configuration list for PBXNativeTarget "apple-watch-battery-monitoring WatchKit App" */ = {
			isa = XCConfigurationList;
			buildConfigurations = (
				FBB3763E287C9FC900FBF950 /* Debug */,
				FBB3763F287C9FC900FBF950 /* Release */,
			);
			defaultConfigurationIsVisible = 0;
			defaultConfigurationName = Release;
		};
		FBB37641287C9FC900FBF950 /* Build configuration list for PBXNativeTarget "apple-watch-battery-monitoring" */ = {
			isa = XCConfigurationList;
			buildConfigurations = (
				FBB37642287C9FC900FBF950 /* Debug */,
				FBB37643287C9FC900FBF950 /* Release */,
			);
			defaultConfigurationIsVisible = 0;
			defaultConfigurationName = Release;
		};
/* End XCConfigurationList section */
	};
	rootObject = FBB37600287C9FC700FBF950 /* Project object */;
}
