// !$*UTF8*$!
{
	archiveVersion = 1;
	classes = {
	};
	objectVersion = 55;
	objects = {

/* Begin PBXBuildFile section */
		FB2BBA962878BB2900858E21 /* AppDelegate.swift in Sources */ = {isa = PBXBuildFile; fileRef = FB2BBA952878BB2900858E21 /* AppDelegate.swift */; };
		FB2BBA982878BB2900858E21 /* SceneDelegate.swift in Sources */ = {isa = PBXBuildFile; fileRef = FB2BBA972878BB2900858E21 /* SceneDelegate.swift */; };
		FB2BBA9F2878BB2900858E21 /* Assets.xcassets in Resources */ = {isa = PBXBuildFile; fileRef = FB2BBA9E2878BB2900858E21 /* Assets.xcassets */; };
		FB2BBAA72878BB2900858E21 /* apple-watch-battery-monitoring WatchKit App.app in Embed Watch Content */ = {isa = PBXBuildFile; fileRef = FB2BBAA62878BB2900858E21 /* apple-watch-battery-monitoring WatchKit App.app */; settings = {ATTRIBUTES = (RemoveHeadersOnCopy, ); }; };
		FB2BBAAD2878BB2900858E21 /* Interface.storyboard in Resources */ = {isa = PBXBuildFile; fileRef = FB2BBAAB2878BB2900858E21 /* Interface.storyboard */; };
		FB2BBAAF2878BB2A00858E21 /* Assets.xcassets in Resources */ = {isa = PBXBuildFile; fileRef = FB2BBAAE2878BB2A00858E21 /* Assets.xcassets */; };
		FB2BBAB52878BB2A00858E21 /* apple-watch-battery-monitoring WatchKit Extension.appex in Embed App Extensions */ = {isa = PBXBuildFile; fileRef = FB2BBAB42878BB2A00858E21 /* apple-watch-battery-monitoring WatchKit Extension.appex */; settings = {ATTRIBUTES = (RemoveHeadersOnCopy, ); }; };
		FB2BBABA2878BB2A00858E21 /* InterfaceController.swift in Sources */ = {isa = PBXBuildFile; fileRef = FB2BBAB92878BB2A00858E21 /* InterfaceController.swift */; };
		FB2BBABC2878BB2A00858E21 /* ExtensionDelegate.swift in Sources */ = {isa = PBXBuildFile; fileRef = FB2BBABB2878BB2A00858E21 /* ExtensionDelegate.swift */; };
		FB2BBABE2878BB2A00858E21 /* NotificationController.swift in Sources */ = {isa = PBXBuildFile; fileRef = FB2BBABD2878BB2A00858E21 /* NotificationController.swift */; };
		FB2BBAC02878BB2A00858E21 /* ComplicationController.swift in Sources */ = {isa = PBXBuildFile; fileRef = FB2BBABF2878BB2A00858E21 /* ComplicationController.swift */; };
		FB2BBAC22878BB2A00858E21 /* Assets.xcassets in Resources */ = {isa = PBXBuildFile; fileRef = FB2BBAC12878BB2A00858E21 /* Assets.xcassets */; };
		FB9990562878BD6C00A647ED /* Dashboard.swift in Sources */ = {isa = PBXBuildFile; fileRef = FB9990552878BD6C00A647ED /* Dashboard.swift */; };
		FB9990582878BD7A00A647ED /* DashboardViewController.swift in Sources */ = {isa = PBXBuildFile; fileRef = FB9990572878BD7A00A647ED /* DashboardViewController.swift */; };
		FB99905A2878BD8600A647ED /* DashboardViewModel.swift in Sources */ = {isa = PBXBuildFile; fileRef = FB9990592878BD8600A647ED /* DashboardViewModel.swift */; };
		FB99905E2878BDFC00A647ED /* DashboardScene.storyboard in Resources */ = {isa = PBXBuildFile; fileRef = FB99905D2878BDFC00A647ED /* DashboardScene.storyboard */; };
/* End PBXBuildFile section */

/* Begin PBXContainerItemProxy section */
		FB2BBAA82878BB2900858E21 /* PBXContainerItemProxy */ = {
			isa = PBXContainerItemProxy;
			containerPortal = FB2BBA8A2878BB2900858E21 /* Project object */;
			proxyType = 1;
			remoteGlobalIDString = FB2BBAA52878BB2900858E21;
			remoteInfo = "apple-watch-battery-monitoring WatchKit App";
		};
		FB2BBAB62878BB2A00858E21 /* PBXContainerItemProxy */ = {
			isa = PBXContainerItemProxy;
			containerPortal = FB2BBA8A2878BB2900858E21 /* Project object */;
			proxyType = 1;
			remoteGlobalIDString = FB2BBAB32878BB2A00858E21;
			remoteInfo = "apple-watch-battery-monitoring WatchKit Extension";
		};
/* End PBXContainerItemProxy section */

/* Begin PBXCopyFilesBuildPhase section */
		FB2BBACA2878BB2A00858E21 /* Embed App Extensions */ = {
			isa = PBXCopyFilesBuildPhase;
			buildActionMask = 2147483647;
			dstPath = "";
			dstSubfolderSpec = 13;
			files = (
				FB2BBAB52878BB2A00858E21 /* apple-watch-battery-monitoring WatchKit Extension.appex in Embed App Extensions */,
			);
			name = "Embed App Extensions";
			runOnlyForDeploymentPostprocessing = 0;
		};
		FB2BBACE2878BB2A00858E21 /* Embed Watch Content */ = {
			isa = PBXCopyFilesBuildPhase;
			buildActionMask = 2147483647;
			dstPath = "$(CONTENTS_FOLDER_PATH)/Watch";
			dstSubfolderSpec = 16;
			files = (
				FB2BBAA72878BB2900858E21 /* apple-watch-battery-monitoring WatchKit App.app in Embed Watch Content */,
			);
			name = "Embed Watch Content";
			runOnlyForDeploymentPostprocessing = 0;
		};
/* End PBXCopyFilesBuildPhase section */

/* Begin PBXFileReference section */
		FB2BBA922878BB2900858E21 /* apple-watch-battery-monitoring.app */ = {isa = PBXFileReference; explicitFileType = wrapper.application; includeInIndex = 0; path = "apple-watch-battery-monitoring.app"; sourceTree = BUILT_PRODUCTS_DIR; };
		FB2BBA952878BB2900858E21 /* AppDelegate.swift */ = {isa = PBXFileReference; lastKnownFileType = sourcecode.swift; path = AppDelegate.swift; sourceTree = "<group>"; };
		FB2BBA972878BB2900858E21 /* SceneDelegate.swift */ = {isa = PBXFileReference; lastKnownFileType = sourcecode.swift; path = SceneDelegate.swift; sourceTree = "<group>"; };
		FB2BBA9E2878BB2900858E21 /* Assets.xcassets */ = {isa = PBXFileReference; lastKnownFileType = folder.assetcatalog; path = Assets.xcassets; sourceTree = "<group>"; };
		FB2BBAA32878BB2900858E21 /* Info.plist */ = {isa = PBXFileReference; lastKnownFileType = text.plist.xml; path = Info.plist; sourceTree = "<group>"; };
		FB2BBAA62878BB2900858E21 /* apple-watch-battery-monitoring WatchKit App.app */ = {isa = PBXFileReference; explicitFileType = wrapper.application; includeInIndex = 0; path = "apple-watch-battery-monitoring WatchKit App.app"; sourceTree = BUILT_PRODUCTS_DIR; };
		FB2BBAAC2878BB2900858E21 /* Base */ = {isa = PBXFileReference; lastKnownFileType = file.storyboard; name = Base; path = Base.lproj/Interface.storyboard; sourceTree = "<group>"; };
		FB2BBAAE2878BB2A00858E21 /* Assets.xcassets */ = {isa = PBXFileReference; lastKnownFileType = folder.assetcatalog; path = Assets.xcassets; sourceTree = "<group>"; };
		FB2BBAB42878BB2A00858E21 /* apple-watch-battery-monitoring WatchKit Extension.appex */ = {isa = PBXFileReference; explicitFileType = "wrapper.app-extension"; includeInIndex = 0; path = "apple-watch-battery-monitoring WatchKit Extension.appex"; sourceTree = BUILT_PRODUCTS_DIR; };
		FB2BBAB92878BB2A00858E21 /* InterfaceController.swift */ = {isa = PBXFileReference; lastKnownFileType = sourcecode.swift; path = InterfaceController.swift; sourceTree = "<group>"; };
		FB2BBABB2878BB2A00858E21 /* ExtensionDelegate.swift */ = {isa = PBXFileReference; lastKnownFileType = sourcecode.swift; path = ExtensionDelegate.swift; sourceTree = "<group>"; };
		FB2BBABD2878BB2A00858E21 /* NotificationController.swift */ = {isa = PBXFileReference; lastKnownFileType = sourcecode.swift; path = NotificationController.swift; sourceTree = "<group>"; };
		FB2BBABF2878BB2A00858E21 /* ComplicationController.swift */ = {isa = PBXFileReference; lastKnownFileType = sourcecode.swift; path = ComplicationController.swift; sourceTree = "<group>"; };
		FB2BBAC12878BB2A00858E21 /* Assets.xcassets */ = {isa = PBXFileReference; lastKnownFileType = folder.assetcatalog; path = Assets.xcassets; sourceTree = "<group>"; };
		FB2BBAC32878BB2A00858E21 /* Info.plist */ = {isa = PBXFileReference; lastKnownFileType = text.plist.xml; path = Info.plist; sourceTree = "<group>"; };
		FB2BBAC42878BB2A00858E21 /* PushNotificationPayload.apns */ = {isa = PBXFileReference; lastKnownFileType = text; path = PushNotificationPayload.apns; sourceTree = "<group>"; };
		FB9990552878BD6C00A647ED /* Dashboard.swift */ = {isa = PBXFileReference; lastKnownFileType = sourcecode.swift; path = Dashboard.swift; sourceTree = "<group>"; };
		FB9990572878BD7A00A647ED /* DashboardViewController.swift */ = {isa = PBXFileReference; lastKnownFileType = sourcecode.swift; path = DashboardViewController.swift; sourceTree = "<group>"; };
		FB9990592878BD8600A647ED /* DashboardViewModel.swift */ = {isa = PBXFileReference; lastKnownFileType = sourcecode.swift; path = DashboardViewModel.swift; sourceTree = "<group>"; };
		FB99905D2878BDFC00A647ED /* DashboardScene.storyboard */ = {isa = PBXFileReference; lastKnownFileType = file.storyboard; path = DashboardScene.storyboard; sourceTree = "<group>"; };
/* End PBXFileReference section */

/* Begin PBXFrameworksBuildPhase section */
		FB2BBA8F2878BB2900858E21 /* Frameworks */ = {
			isa = PBXFrameworksBuildPhase;
			buildActionMask = 2147483647;
			files = (
			);
			runOnlyForDeploymentPostprocessing = 0;
		};
		FB2BBAB12878BB2A00858E21 /* Frameworks */ = {
			isa = PBXFrameworksBuildPhase;
			buildActionMask = 2147483647;
			files = (
			);
			runOnlyForDeploymentPostprocessing = 0;
		};
/* End PBXFrameworksBuildPhase section */

/* Begin PBXGroup section */
		FB2BBA892878BB2900858E21 = {
			isa = PBXGroup;
			children = (
				FB2BBA942878BB2900858E21 /* apple-watch-battery-monitoring */,
				FB2BBAAA2878BB2900858E21 /* apple-watch-battery-monitoring WatchKit App */,
				FB2BBAB82878BB2A00858E21 /* apple-watch-battery-monitoring WatchKit Extension */,
				FB2BBA932878BB2900858E21 /* Products */,
			);
			sourceTree = "<group>";
		};
		FB2BBA932878BB2900858E21 /* Products */ = {
			isa = PBXGroup;
			children = (
				FB2BBA922878BB2900858E21 /* apple-watch-battery-monitoring.app */,
				FB2BBAA62878BB2900858E21 /* apple-watch-battery-monitoring WatchKit App.app */,
				FB2BBAB42878BB2A00858E21 /* apple-watch-battery-monitoring WatchKit Extension.appex */,
			);
			name = Products;
			sourceTree = "<group>";
		};
		FB2BBA942878BB2900858E21 /* apple-watch-battery-monitoring */ = {
			isa = PBXGroup;
			children = (
				FB9990532878BD4300A647ED /* Interfaces */,
				FB9990522878BD2200A647ED /* Scenes */,
				FB9990512878BD1C00A647ED /* ViewModels */,
				FB9990502878BD1400A647ED /* Views */,
				FB99904F2878BD0E00A647ED /* Models */,
				FB2BBA952878BB2900858E21 /* AppDelegate.swift */,
				FB2BBA972878BB2900858E21 /* SceneDelegate.swift */,
				FB2BBA9E2878BB2900858E21 /* Assets.xcassets */,
				FB2BBAA32878BB2900858E21 /* Info.plist */,
			);
			path = "apple-watch-battery-monitoring";
			sourceTree = "<group>";
		};
		FB2BBAAA2878BB2900858E21 /* apple-watch-battery-monitoring WatchKit App */ = {
			isa = PBXGroup;
			children = (
				FB2BBAAB2878BB2900858E21 /* Interface.storyboard */,
				FB2BBAAE2878BB2A00858E21 /* Assets.xcassets */,
			);
			path = "apple-watch-battery-monitoring WatchKit App";
			sourceTree = "<group>";
		};
		FB2BBAB82878BB2A00858E21 /* apple-watch-battery-monitoring WatchKit Extension */ = {
			isa = PBXGroup;
			children = (
				FB2BBAB92878BB2A00858E21 /* InterfaceController.swift */,
				FB2BBABB2878BB2A00858E21 /* ExtensionDelegate.swift */,
				FB2BBABD2878BB2A00858E21 /* NotificationController.swift */,
				FB2BBABF2878BB2A00858E21 /* ComplicationController.swift */,
				FB2BBAC12878BB2A00858E21 /* Assets.xcassets */,
				FB2BBAC32878BB2A00858E21 /* Info.plist */,
				FB2BBAC42878BB2A00858E21 /* PushNotificationPayload.apns */,
			);
			path = "apple-watch-battery-monitoring WatchKit Extension";
			sourceTree = "<group>";
		};
		FB99904F2878BD0E00A647ED /* Models */ = {
			isa = PBXGroup;
			children = (
				FB9990552878BD6C00A647ED /* Dashboard.swift */,
			);
			path = Models;
			sourceTree = "<group>";
		};
		FB9990502878BD1400A647ED /* Views */ = {
			isa = PBXGroup;
			children = (
				FB9990572878BD7A00A647ED /* DashboardViewController.swift */,
			);
			path = Views;
			sourceTree = "<group>";
		};
		FB9990512878BD1C00A647ED /* ViewModels */ = {
			isa = PBXGroup;
			children = (
				FB9990592878BD8600A647ED /* DashboardViewModel.swift */,
			);
			path = ViewModels;
			sourceTree = "<group>";
		};
		FB9990522878BD2200A647ED /* Scenes */ = {
			isa = PBXGroup;
			children = (
				FB99905D2878BDFC00A647ED /* DashboardScene.storyboard */,
			);
			path = Scenes;
			sourceTree = "<group>";
		};
		FB9990532878BD4300A647ED /* Interfaces */ = {
			isa = PBXGroup;
			children = (
			);
			path = Interfaces;
			sourceTree = "<group>";
		};
/* End PBXGroup section */

/* Begin PBXNativeTarget section */
		FB2BBA912878BB2900858E21 /* apple-watch-battery-monitoring */ = {
			isa = PBXNativeTarget;
			buildConfigurationList = FB2BBACF2878BB2A00858E21 /* Build configuration list for PBXNativeTarget "apple-watch-battery-monitoring" */;
			buildPhases = (
				FB2BBA8E2878BB2900858E21 /* Sources */,
				FB2BBA8F2878BB2900858E21 /* Frameworks */,
				FB2BBA902878BB2900858E21 /* Resources */,
				FB2BBACE2878BB2A00858E21 /* Embed Watch Content */,
			);
			buildRules = (
			);
			dependencies = (
				FB2BBAA92878BB2900858E21 /* PBXTargetDependency */,
			);
			name = "apple-watch-battery-monitoring";
			productName = "apple-watch-battery-monitoring";
			productReference = FB2BBA922878BB2900858E21 /* apple-watch-battery-monitoring.app */;
			productType = "com.apple.product-type.application";
		};
		FB2BBAA52878BB2900858E21 /* apple-watch-battery-monitoring WatchKit App */ = {
			isa = PBXNativeTarget;
			buildConfigurationList = FB2BBACB2878BB2A00858E21 /* Build configuration list for PBXNativeTarget "apple-watch-battery-monitoring WatchKit App" */;
			buildPhases = (
				FB2BBAA42878BB2900858E21 /* Resources */,
				FB2BBACA2878BB2A00858E21 /* Embed App Extensions */,
			);
			buildRules = (
			);
			dependencies = (
				FB2BBAB72878BB2A00858E21 /* PBXTargetDependency */,
			);
			name = "apple-watch-battery-monitoring WatchKit App";
			productName = "apple-watch-battery-monitoring WatchKit App";
			productReference = FB2BBAA62878BB2900858E21 /* apple-watch-battery-monitoring WatchKit App.app */;
			productType = "com.apple.product-type.application.watchapp2";
		};
		FB2BBAB32878BB2A00858E21 /* apple-watch-battery-monitoring WatchKit Extension */ = {
			isa = PBXNativeTarget;
			buildConfigurationList = FB2BBAC72878BB2A00858E21 /* Build configuration list for PBXNativeTarget "apple-watch-battery-monitoring WatchKit Extension" */;
			buildPhases = (
				FB2BBAB02878BB2A00858E21 /* Sources */,
				FB2BBAB12878BB2A00858E21 /* Frameworks */,
				FB2BBAB22878BB2A00858E21 /* Resources */,
			);
			buildRules = (
			);
			dependencies = (
			);
			name = "apple-watch-battery-monitoring WatchKit Extension";
			productName = "apple-watch-battery-monitoring WatchKit Extension";
			productReference = FB2BBAB42878BB2A00858E21 /* apple-watch-battery-monitoring WatchKit Extension.appex */;
			productType = "com.apple.product-type.watchkit2-extension";
		};
/* End PBXNativeTarget section */

/* Begin PBXProject section */
		FB2BBA8A2878BB2900858E21 /* Project object */ = {
			isa = PBXProject;
			attributes = {
				BuildIndependentTargetsInParallel = 1;
				LastSwiftUpdateCheck = 1330;
				LastUpgradeCheck = 1330;
				TargetAttributes = {
					FB2BBA912878BB2900858E21 = {
						CreatedOnToolsVersion = 13.3.1;
					};
					FB2BBAA52878BB2900858E21 = {
						CreatedOnToolsVersion = 13.3.1;
					};
					FB2BBAB32878BB2A00858E21 = {
						CreatedOnToolsVersion = 13.3.1;
					};
				};
			};
			buildConfigurationList = FB2BBA8D2878BB2900858E21 /* Build configuration list for PBXProject "apple-watch-battery-monitoring" */;
			compatibilityVersion = "Xcode 13.0";
			developmentRegion = en;
			hasScannedForEncodings = 0;
			knownRegions = (
				en,
				Base,
			);
			mainGroup = FB2BBA892878BB2900858E21;
			productRefGroup = FB2BBA932878BB2900858E21 /* Products */;
			projectDirPath = "";
			projectRoot = "";
			targets = (
				FB2BBA912878BB2900858E21 /* apple-watch-battery-monitoring */,
				FB2BBAA52878BB2900858E21 /* apple-watch-battery-monitoring WatchKit App */,
				FB2BBAB32878BB2A00858E21 /* apple-watch-battery-monitoring WatchKit Extension */,
			);
		};
/* End PBXProject section */

/* Begin PBXResourcesBuildPhase section */
		FB2BBA902878BB2900858E21 /* Resources */ = {
			isa = PBXResourcesBuildPhase;
			buildActionMask = 2147483647;
			files = (
				FB99905E2878BDFC00A647ED /* DashboardScene.storyboard in Resources */,
				FB2BBA9F2878BB2900858E21 /* Assets.xcassets in Resources */,
			);
			runOnlyForDeploymentPostprocessing = 0;
		};
		FB2BBAA42878BB2900858E21 /* Resources */ = {
			isa = PBXResourcesBuildPhase;
			buildActionMask = 2147483647;
			files = (
				FB2BBAAF2878BB2A00858E21 /* Assets.xcassets in Resources */,
				FB2BBAAD2878BB2900858E21 /* Interface.storyboard in Resources */,
			);
			runOnlyForDeploymentPostprocessing = 0;
		};
		FB2BBAB22878BB2A00858E21 /* Resources */ = {
			isa = PBXResourcesBuildPhase;
			buildActionMask = 2147483647;
			files = (
				FB2BBAC22878BB2A00858E21 /* Assets.xcassets in Resources */,
			);
			runOnlyForDeploymentPostprocessing = 0;
		};
/* End PBXResourcesBuildPhase section */

/* Begin PBXSourcesBuildPhase section */
		FB2BBA8E2878BB2900858E21 /* Sources */ = {
			isa = PBXSourcesBuildPhase;
			buildActionMask = 2147483647;
			files = (
				FB2BBA962878BB2900858E21 /* AppDelegate.swift in Sources */,
				FB99905A2878BD8600A647ED /* DashboardViewModel.swift in Sources */,
				FB9990562878BD6C00A647ED /* Dashboard.swift in Sources */,
				FB2BBA982878BB2900858E21 /* SceneDelegate.swift in Sources */,
				FB9990582878BD7A00A647ED /* DashboardViewController.swift in Sources */,
			);
			runOnlyForDeploymentPostprocessing = 0;
		};
		FB2BBAB02878BB2A00858E21 /* Sources */ = {
			isa = PBXSourcesBuildPhase;
			buildActionMask = 2147483647;
			files = (
				FB2BBABE2878BB2A00858E21 /* NotificationController.swift in Sources */,
				FB2BBAC02878BB2A00858E21 /* ComplicationController.swift in Sources */,
				FB2BBABC2878BB2A00858E21 /* ExtensionDelegate.swift in Sources */,
				FB2BBABA2878BB2A00858E21 /* InterfaceController.swift in Sources */,
			);
			runOnlyForDeploymentPostprocessing = 0;
		};
/* End PBXSourcesBuildPhase section */

/* Begin PBXTargetDependency section */
		FB2BBAA92878BB2900858E21 /* PBXTargetDependency */ = {
			isa = PBXTargetDependency;
			target = FB2BBAA52878BB2900858E21 /* apple-watch-battery-monitoring WatchKit App */;
			targetProxy = FB2BBAA82878BB2900858E21 /* PBXContainerItemProxy */;
		};
		FB2BBAB72878BB2A00858E21 /* PBXTargetDependency */ = {
			isa = PBXTargetDependency;
			target = FB2BBAB32878BB2A00858E21 /* apple-watch-battery-monitoring WatchKit Extension */;
			targetProxy = FB2BBAB62878BB2A00858E21 /* PBXContainerItemProxy */;
		};
/* End PBXTargetDependency section */

/* Begin PBXVariantGroup section */
		FB2BBAAB2878BB2900858E21 /* Interface.storyboard */ = {
			isa = PBXVariantGroup;
			children = (
				FB2BBAAC2878BB2900858E21 /* Base */,
			);
			name = Interface.storyboard;
			sourceTree = "<group>";
		};
/* End PBXVariantGroup section */

/* Begin XCBuildConfiguration section */
		FB2BBAC52878BB2A00858E21 /* Debug */ = {
			isa = XCBuildConfiguration;
			buildSettings = {
				ALWAYS_SEARCH_USER_PATHS = NO;
				CLANG_ANALYZER_NONNULL = YES;
				CLANG_ANALYZER_NUMBER_OBJECT_CONVERSION = YES_AGGRESSIVE;
				CLANG_CXX_LANGUAGE_STANDARD = "gnu++17";
				CLANG_ENABLE_MODULES = YES;
				CLANG_ENABLE_OBJC_ARC = YES;
				CLANG_ENABLE_OBJC_WEAK = YES;
				CLANG_WARN_BLOCK_CAPTURE_AUTORELEASING = YES;
				CLANG_WARN_BOOL_CONVERSION = YES;
				CLANG_WARN_COMMA = YES;
				CLANG_WARN_CONSTANT_CONVERSION = YES;
				CLANG_WARN_DEPRECATED_OBJC_IMPLEMENTATIONS = YES;
				CLANG_WARN_DIRECT_OBJC_ISA_USAGE = YES_ERROR;
				CLANG_WARN_DOCUMENTATION_COMMENTS = YES;
				CLANG_WARN_EMPTY_BODY = YES;
				CLANG_WARN_ENUM_CONVERSION = YES;
				CLANG_WARN_INFINITE_RECURSION = YES;
				CLANG_WARN_INT_CONVERSION = YES;
				CLANG_WARN_NON_LITERAL_NULL_CONVERSION = YES;
				CLANG_WARN_OBJC_IMPLICIT_RETAIN_SELF = YES;
				CLANG_WARN_OBJC_LITERAL_CONVERSION = YES;
				CLANG_WARN_OBJC_ROOT_CLASS = YES_ERROR;
				CLANG_WARN_QUOTED_INCLUDE_IN_FRAMEWORK_HEADER = YES;
				CLANG_WARN_RANGE_LOOP_ANALYSIS = YES;
				CLANG_WARN_STRICT_PROTOTYPES = YES;
				CLANG_WARN_SUSPICIOUS_MOVE = YES;
				CLANG_WARN_UNGUARDED_AVAILABILITY = YES_AGGRESSIVE;
				CLANG_WARN_UNREACHABLE_CODE = YES;
				CLANG_WARN__DUPLICATE_METHOD_MATCH = YES;
				COPY_PHASE_STRIP = NO;
				DEBUG_INFORMATION_FORMAT = dwarf;
				ENABLE_STRICT_OBJC_MSGSEND = YES;
				ENABLE_TESTABILITY = YES;
				GCC_C_LANGUAGE_STANDARD = gnu11;
				GCC_DYNAMIC_NO_PIC = NO;
				GCC_NO_COMMON_BLOCKS = YES;
				GCC_OPTIMIZATION_LEVEL = 0;
				GCC_PREPROCESSOR_DEFINITIONS = (
					"DEBUG=1",
					"$(inherited)",
				);
				GCC_WARN_64_TO_32_BIT_CONVERSION = YES;
				GCC_WARN_ABOUT_RETURN_TYPE = YES_ERROR;
				GCC_WARN_UNDECLARED_SELECTOR = YES;
				GCC_WARN_UNINITIALIZED_AUTOS = YES_AGGRESSIVE;
				GCC_WARN_UNUSED_FUNCTION = YES;
				GCC_WARN_UNUSED_VARIABLE = YES;
				MTL_ENABLE_DEBUG_INFO = INCLUDE_SOURCE;
				MTL_FAST_MATH = YES;
				ONLY_ACTIVE_ARCH = YES;
				SWIFT_ACTIVE_COMPILATION_CONDITIONS = DEBUG;
				SWIFT_OPTIMIZATION_LEVEL = "-Onone";
			};
			name = Debug;
		};
		FB2BBAC62878BB2A00858E21 /* Release */ = {
			isa = XCBuildConfiguration;
			buildSettings = {
				ALWAYS_SEARCH_USER_PATHS = NO;
				CLANG_ANALYZER_NONNULL = YES;
				CLANG_ANALYZER_NUMBER_OBJECT_CONVERSION = YES_AGGRESSIVE;
				CLANG_CXX_LANGUAGE_STANDARD = "gnu++17";
				CLANG_ENABLE_MODULES = YES;
				CLANG_ENABLE_OBJC_ARC = YES;
				CLANG_ENABLE_OBJC_WEAK = YES;
				CLANG_WARN_BLOCK_CAPTURE_AUTORELEASING = YES;
				CLANG_WARN_BOOL_CONVERSION = YES;
				CLANG_WARN_COMMA = YES;
				CLANG_WARN_CONSTANT_CONVERSION = YES;
				CLANG_WARN_DEPRECATED_OBJC_IMPLEMENTATIONS = YES;
				CLANG_WARN_DIRECT_OBJC_ISA_USAGE = YES_ERROR;
				CLANG_WARN_DOCUMENTATION_COMMENTS = YES;
				CLANG_WARN_EMPTY_BODY = YES;
				CLANG_WARN_ENUM_CONVERSION = YES;
				CLANG_WARN_INFINITE_RECURSION = YES;
				CLANG_WARN_INT_CONVERSION = YES;
				CLANG_WARN_NON_LITERAL_NULL_CONVERSION = YES;
				CLANG_WARN_OBJC_IMPLICIT_RETAIN_SELF = YES;
				CLANG_WARN_OBJC_LITERAL_CONVERSION = YES;
				CLANG_WARN_OBJC_ROOT_CLASS = YES_ERROR;
				CLANG_WARN_QUOTED_INCLUDE_IN_FRAMEWORK_HEADER = YES;
				CLANG_WARN_RANGE_LOOP_ANALYSIS = YES;
				CLANG_WARN_STRICT_PROTOTYPES = YES;
				CLANG_WARN_SUSPICIOUS_MOVE = YES;
				CLANG_WARN_UNGUARDED_AVAILABILITY = YES_AGGRESSIVE;
				CLANG_WARN_UNREACHABLE_CODE = YES;
				CLANG_WARN__DUPLICATE_METHOD_MATCH = YES;
				COPY_PHASE_STRIP = NO;
				DEBUG_INFORMATION_FORMAT = "dwarf-with-dsym";
				ENABLE_NS_ASSERTIONS = NO;
				ENABLE_STRICT_OBJC_MSGSEND = YES;
				GCC_C_LANGUAGE_STANDARD = gnu11;
				GCC_NO_COMMON_BLOCKS = YES;
				GCC_WARN_64_TO_32_BIT_CONVERSION = YES;
				GCC_WARN_ABOUT_RETURN_TYPE = YES_ERROR;
				GCC_WARN_UNDECLARED_SELECTOR = YES;
				GCC_WARN_UNINITIALIZED_AUTOS = YES_AGGRESSIVE;
				GCC_WARN_UNUSED_FUNCTION = YES;
				GCC_WARN_UNUSED_VARIABLE = YES;
				MTL_ENABLE_DEBUG_INFO = NO;
				MTL_FAST_MATH = YES;
				SWIFT_COMPILATION_MODE = wholemodule;
				SWIFT_OPTIMIZATION_LEVEL = "-O";
			};
			name = Release;
		};
		FB2BBAC82878BB2A00858E21 /* Debug */ = {
			isa = XCBuildConfiguration;
			buildSettings = {
				ASSETCATALOG_COMPILER_COMPLICATION_NAME = Complication;
				CODE_SIGN_STYLE = Automatic;
				CURRENT_PROJECT_VERSION = 1;
				GENERATE_INFOPLIST_FILE = YES;
				INFOPLIST_FILE = "apple-watch-battery-monitoring WatchKit Extension/Info.plist";
				INFOPLIST_KEY_CFBundleDisplayName = "apple-watch-battery-monitoring WatchKit Extension";
				INFOPLIST_KEY_CLKComplicationPrincipalClass = "$(PRODUCT_MODULE_NAME).ComplicationController";
				INFOPLIST_KEY_NSHumanReadableCopyright = "";
				INFOPLIST_KEY_WKExtensionDelegateClassName = "$(PRODUCT_MODULE_NAME).ExtensionDelegate";
				INFOPLIST_KEY_WKRunsIndependentlyOfCompanionApp = YES;
				LD_RUNPATH_SEARCH_PATHS = (
					"$(inherited)",
					"@executable_path/Frameworks",
					"@executable_path/../../Frameworks",
				);
				MARKETING_VERSION = 1.0;
				PRODUCT_BUNDLE_IDENTIFIER = "com.vdberg.daryl.apple-watch-battery-monitoring.watchkitapp.watchkitextension";
				PRODUCT_NAME = "${TARGET_NAME}";
				SDKROOT = watchos;
				SKIP_INSTALL = YES;
				SWIFT_EMIT_LOC_STRINGS = YES;
				SWIFT_VERSION = 5.0;
				TARGETED_DEVICE_FAMILY = 4;
				WATCHOS_DEPLOYMENT_TARGET = 8.5;
			};
			name = Debug;
		};
		FB2BBAC92878BB2A00858E21 /* Release */ = {
			isa = XCBuildConfiguration;
			buildSettings = {
				ASSETCATALOG_COMPILER_COMPLICATION_NAME = Complication;
				CODE_SIGN_STYLE = Automatic;
				CURRENT_PROJECT_VERSION = 1;
				GENERATE_INFOPLIST_FILE = YES;
				INFOPLIST_FILE = "apple-watch-battery-monitoring WatchKit Extension/Info.plist";
				INFOPLIST_KEY_CFBundleDisplayName = "apple-watch-battery-monitoring WatchKit Extension";
				INFOPLIST_KEY_CLKComplicationPrincipalClass = "$(PRODUCT_MODULE_NAME).ComplicationController";
				INFOPLIST_KEY_NSHumanReadableCopyright = "";
				INFOPLIST_KEY_WKExtensionDelegateClassName = "$(PRODUCT_MODULE_NAME).ExtensionDelegate";
				INFOPLIST_KEY_WKRunsIndependentlyOfCompanionApp = YES;
				LD_RUNPATH_SEARCH_PATHS = (
					"$(inherited)",
					"@executable_path/Frameworks",
					"@executable_path/../../Frameworks",
				);
				MARKETING_VERSION = 1.0;
				PRODUCT_BUNDLE_IDENTIFIER = "com.vdberg.daryl.apple-watch-battery-monitoring.watchkitapp.watchkitextension";
				PRODUCT_NAME = "${TARGET_NAME}";
				SDKROOT = watchos;
				SKIP_INSTALL = YES;
				SWIFT_EMIT_LOC_STRINGS = YES;
				SWIFT_VERSION = 5.0;
				TARGETED_DEVICE_FAMILY = 4;
				VALIDATE_PRODUCT = YES;
				WATCHOS_DEPLOYMENT_TARGET = 8.5;
			};
			name = Release;
		};
		FB2BBACC2878BB2A00858E21 /* Debug */ = {
			isa = XCBuildConfiguration;
			buildSettings = {
				ALWAYS_EMBED_SWIFT_STANDARD_LIBRARIES = YES;
				ASSETCATALOG_COMPILER_APPICON_NAME = AppIcon;
				ASSETCATALOG_COMPILER_GLOBAL_ACCENT_COLOR_NAME = AccentColor;
				CODE_SIGN_STYLE = Automatic;
				CURRENT_PROJECT_VERSION = 1;
				GENERATE_INFOPLIST_FILE = YES;
				IBSC_MODULE = apple_watch_battery_monitoring_WatchKit_Extension;
				INFOPLIST_KEY_CFBundleDisplayName = "apple-watch-battery-monitoring WatchKit App";
				INFOPLIST_KEY_UISupportedInterfaceOrientations = "UIInterfaceOrientationPortrait UIInterfaceOrientationPortraitUpsideDown";
				INFOPLIST_KEY_WKCompanionAppBundleIdentifier = "com.vdberg.daryl.apple-watch-battery-monitoring";
				MARKETING_VERSION = 1.0;
				PRODUCT_BUNDLE_IDENTIFIER = "com.vdberg.daryl.apple-watch-battery-monitoring.watchkitapp";
				PRODUCT_NAME = "$(TARGET_NAME)";
				SDKROOT = watchos;
				SKIP_INSTALL = YES;
				SWIFT_EMIT_LOC_STRINGS = YES;
				SWIFT_VERSION = 5.0;
				TARGETED_DEVICE_FAMILY = 4;
				WATCHOS_DEPLOYMENT_TARGET = 8.5;
			};
			name = Debug;
		};
		FB2BBACD2878BB2A00858E21 /* Release */ = {
			isa = XCBuildConfiguration;
			buildSettings = {
				ALWAYS_EMBED_SWIFT_STANDARD_LIBRARIES = YES;
				ASSETCATALOG_COMPILER_APPICON_NAME = AppIcon;
				ASSETCATALOG_COMPILER_GLOBAL_ACCENT_COLOR_NAME = AccentColor;
				CODE_SIGN_STYLE = Automatic;
				CURRENT_PROJECT_VERSION = 1;
				GENERATE_INFOPLIST_FILE = YES;
				IBSC_MODULE = apple_watch_battery_monitoring_WatchKit_Extension;
				INFOPLIST_KEY_CFBundleDisplayName = "apple-watch-battery-monitoring WatchKit App";
				INFOPLIST_KEY_UISupportedInterfaceOrientations = "UIInterfaceOrientationPortrait UIInterfaceOrientationPortraitUpsideDown";
				INFOPLIST_KEY_WKCompanionAppBundleIdentifier = "com.vdberg.daryl.apple-watch-battery-monitoring";
				MARKETING_VERSION = 1.0;
				PRODUCT_BUNDLE_IDENTIFIER = "com.vdberg.daryl.apple-watch-battery-monitoring.watchkitapp";
				PRODUCT_NAME = "$(TARGET_NAME)";
				SDKROOT = watchos;
				SKIP_INSTALL = YES;
				SWIFT_EMIT_LOC_STRINGS = YES;
				SWIFT_VERSION = 5.0;
				TARGETED_DEVICE_FAMILY = 4;
				VALIDATE_PRODUCT = YES;
				WATCHOS_DEPLOYMENT_TARGET = 8.5;
			};
			name = Release;
		};
		FB2BBAD02878BB2A00858E21 /* Debug */ = {
			isa = XCBuildConfiguration;
			buildSettings = {
				ASSETCATALOG_COMPILER_APPICON_NAME = AppIcon;
				ASSETCATALOG_COMPILER_GLOBAL_ACCENT_COLOR_NAME = AccentColor;
				CODE_SIGN_STYLE = Automatic;
				CURRENT_PROJECT_VERSION = 1;
				GENERATE_INFOPLIST_FILE = YES;
				INFOPLIST_FILE = "apple-watch-battery-monitoring/Info.plist";
				INFOPLIST_KEY_UIApplicationSupportsIndirectInputEvents = YES;
				INFOPLIST_KEY_UILaunchStoryboardName = LaunchScreen;
				INFOPLIST_KEY_UIMainStoryboardFile = Main;
				INFOPLIST_KEY_UISupportedInterfaceOrientations_iPad = "UIInterfaceOrientationPortrait UIInterfaceOrientationPortraitUpsideDown UIInterfaceOrientationLandscapeLeft UIInterfaceOrientationLandscapeRight";
				INFOPLIST_KEY_UISupportedInterfaceOrientations_iPhone = "UIInterfaceOrientationPortrait UIInterfaceOrientationLandscapeLeft UIInterfaceOrientationLandscapeRight";
				IPHONEOS_DEPLOYMENT_TARGET = 15.4;
				LD_RUNPATH_SEARCH_PATHS = (
					"$(inherited)",
					"@executable_path/Frameworks",
				);
				MARKETING_VERSION = 1.0;
				PRODUCT_BUNDLE_IDENTIFIER = "com.vdberg.daryl.apple-watch-battery-monitoring";
				PRODUCT_NAME = "$(TARGET_NAME)";
				SDKROOT = iphoneos;
				SWIFT_EMIT_LOC_STRINGS = YES;
				SWIFT_VERSION = 5.0;
				TARGETED_DEVICE_FAMILY = "1,2";
			};
			name = Debug;
		};
		FB2BBAD12878BB2A00858E21 /* Release */ = {
			isa = XCBuildConfiguration;
			buildSettings = {
				ASSETCATALOG_COMPILER_APPICON_NAME = AppIcon;
				ASSETCATALOG_COMPILER_GLOBAL_ACCENT_COLOR_NAME = AccentColor;
				CODE_SIGN_STYLE = Automatic;
				CURRENT_PROJECT_VERSION = 1;
				GENERATE_INFOPLIST_FILE = YES;
				INFOPLIST_FILE = "apple-watch-battery-monitoring/Info.plist";
				INFOPLIST_KEY_UIApplicationSupportsIndirectInputEvents = YES;
				INFOPLIST_KEY_UILaunchStoryboardName = LaunchScreen;
				INFOPLIST_KEY_UIMainStoryboardFile = Main;
				INFOPLIST_KEY_UISupportedInterfaceOrientations_iPad = "UIInterfaceOrientationPortrait UIInterfaceOrientationPortraitUpsideDown UIInterfaceOrientationLandscapeLeft UIInterfaceOrientationLandscapeRight";
				INFOPLIST_KEY_UISupportedInterfaceOrientations_iPhone = "UIInterfaceOrientationPortrait UIInterfaceOrientationLandscapeLeft UIInterfaceOrientationLandscapeRight";
				IPHONEOS_DEPLOYMENT_TARGET = 15.4;
				LD_RUNPATH_SEARCH_PATHS = (
					"$(inherited)",
					"@executable_path/Frameworks",
				);
				MARKETING_VERSION = 1.0;
				PRODUCT_BUNDLE_IDENTIFIER = "com.vdberg.daryl.apple-watch-battery-monitoring";
				PRODUCT_NAME = "$(TARGET_NAME)";
				SDKROOT = iphoneos;
				SWIFT_EMIT_LOC_STRINGS = YES;
				SWIFT_VERSION = 5.0;
				TARGETED_DEVICE_FAMILY = "1,2";
				VALIDATE_PRODUCT = YES;
			};
			name = Release;
		};
/* End XCBuildConfiguration section */

/* Begin XCConfigurationList section */
		FB2BBA8D2878BB2900858E21 /* Build configuration list for PBXProject "apple-watch-battery-monitoring" */ = {
			isa = XCConfigurationList;
			buildConfigurations = (
				FB2BBAC52878BB2A00858E21 /* Debug */,
				FB2BBAC62878BB2A00858E21 /* Release */,
			);
			defaultConfigurationIsVisible = 0;
			defaultConfigurationName = Release;
		};
		FB2BBAC72878BB2A00858E21 /* Build configuration list for PBXNativeTarget "apple-watch-battery-monitoring WatchKit Extension" */ = {
			isa = XCConfigurationList;
			buildConfigurations = (
				FB2BBAC82878BB2A00858E21 /* Debug */,
				FB2BBAC92878BB2A00858E21 /* Release */,
			);
			defaultConfigurationIsVisible = 0;
			defaultConfigurationName = Release;
		};
		FB2BBACB2878BB2A00858E21 /* Build configuration list for PBXNativeTarget "apple-watch-battery-monitoring WatchKit App" */ = {
			isa = XCConfigurationList;
			buildConfigurations = (
				FB2BBACC2878BB2A00858E21 /* Debug */,
				FB2BBACD2878BB2A00858E21 /* Release */,
			);
			defaultConfigurationIsVisible = 0;
			defaultConfigurationName = Release;
		};
		FB2BBACF2878BB2A00858E21 /* Build configuration list for PBXNativeTarget "apple-watch-battery-monitoring" */ = {
			isa = XCConfigurationList;
			buildConfigurations = (
				FB2BBAD02878BB2A00858E21 /* Debug */,
				FB2BBAD12878BB2A00858E21 /* Release */,
			);
			defaultConfigurationIsVisible = 0;
			defaultConfigurationName = Release;
		};
/* End XCConfigurationList section */
	};
	rootObject = FB2BBA8A2878BB2900858E21 /* Project object */;
}
